Microsoft Visual Studio Solution File, Format Version 12.00
# Visual Studio Version 17
VisualStudioVersion = 17.0.31913.204
MinimumVisualStudioVersion = 10.0.40219.1
Project("{FAE04EC0-301F-11D3-BF4B-00C04F79EFBC}") = "AcademicEnrollmentService", "src\AcademicEnrollmentService\AcademicEnrollmentService.csproj", "{D1C3B3D4-4B7B-4D5B-8B7D-4D3D5B7D4B7D}"
EndProject
Project("{FAE04EC0-301F-11D3-BF4B-00C04F79EFBC}") = "AcademicEnrollmentService.Tests", "tests\AcademicEnrollmentService.Tests\AcademicEnrollmentService.Tests.csproj", "{A1B2C3D4-E5F6-7A8B-9A0B-1C2D3E4F5A6B}"
EndProject
Global
	GlobalSection(SolutionConfigurationPlatforms) = preSolution
		Debug|Any CPU = Debug|Any CPU
		Release|Any CPU = Release|Any CPU
	EndGlobalSection
	GlobalSection(ProjectConfigurationPlatforms) = postSolution
		{D1C3B3D4-4B7B-4D5B-8B7D-4D3D5B7D4B7D}.Debug|Any CPU.ActiveCfg = Debug|Any CPU
		{D1C3B3D4-4B7B-4D5B-8B7D-4D3D5B7D4B7D}.Debug|Any CPU.Build.0 = Debug|Any CPU
		{D1C3B3D4-4B7B-4D5B-8B7D-4D3D5B7D4B7D}.Release|Any CPU.ActiveCfg = Release|Any CPU
		{D1C3B3D4-4B7B-4D5B-8B7D-4D3D5B7D4B7D}.Release|Any CPU.Build.0 = Release|Any CPU
		{A1B2C3D4-E5F6-7A8B-9A0B-1C2D3E4F5A6B}.Debug|Any CPU.ActiveCfg = Debug|Any CPU
		{A1B2C3D4-E5F6-7A8B-9A0B-1C2D3E4F5A6B}.Debug|Any CPU.Build.0 = Debug|Any CPU
		{A1B2C3D4-E5F6-7A8B-9A0B-1C2D3E4F5A6B}.Release|Any CPU.ActiveCfg = Release|Any CPU
		{A1B2C3D4-E5F6-7A8B-9A0B-1C2D3E4F5A6B}.Release|Any CPU.Build.0 = Release|Any CPU
	EndGlobalSection
EndGlobal